
Microsoft Visual Studio Solution File, Format Version 12.00
# Visual Studio 15
VisualStudioVersion = 15.0.27004.2009
MinimumVisualStudioVersion = 10.0.40219.1
Project("{FAE04EC0-301F-11D3-BF4B-00C04F79EFBC}") = "LccsBiz.Android", "LccsBiz\LccsBiz.Android\LccsBiz.Android.csproj", "{158F34F2-6200-48B1-B603-DAA1F441DAFB}"
EndProject
Project("{FAE04EC0-301F-11D3-BF4B-00C04F79EFBC}") = "LccsBiz", "LccsBiz\LccsBiz\LccsBiz.csproj", "{471B966C-06C2-42A6-B695-15704841D49D}"
EndProject
Project("{FAE04EC0-301F-11D3-BF4B-00C04F79EFBC}") = "LccsBiz.UWP", "LccsBiz\LccsBiz.UWP\LccsBiz.UWP.csproj", "{209B2C5F-620A-449A-912D-B970443204C8}"
EndProject
Project("{FAE04EC0-301F-11D3-BF4B-00C04F79EFBC}") = "LccsBiz.iOS", "LccsBiz\LccsBiz.iOS\LccsBiz.iOS.csproj", "{BB508C2D-395B-47E1-B8E1-E4E6A00E2533}"
EndProject
Global
	GlobalSection(SolutionConfigurationPlatforms) = preSolution
		Ad-Hoc|Any CPU = Ad-Hoc|Any CPU
		Ad-Hoc|ARM = Ad-Hoc|ARM
		Ad-Hoc|iPhone = Ad-Hoc|iPhone
		Ad-Hoc|iPhoneSimulator = Ad-Hoc|iPhoneSimulator
		Ad-Hoc|x64 = Ad-Hoc|x64
		Ad-Hoc|x86 = Ad-Hoc|x86
		AppStore|Any CPU = AppStore|Any CPU
		AppStore|ARM = AppStore|ARM
		AppStore|iPhone = AppStore|iPhone
		AppStore|iPhoneSimulator = AppStore|iPhoneSimulator
		AppStore|x64 = AppStore|x64
		AppStore|x86 = AppStore|x86
		Debug|Any CPU = Debug|Any CPU
		Debug|ARM = Debug|ARM
		Debug|iPhone = Debug|iPhone
		Debug|iPhoneSimulator = Debug|iPhoneSimulator
		Debug|x64 = Debug|x64
		Debug|x86 = Debug|x86
		Release|Any CPU = Release|Any CPU
		Release|ARM = Release|ARM
		Release|iPhone = Release|iPhone
		Release|iPhoneSimulator = Release|iPhoneSimulator
		Release|x64 = Release|x64
		Release|x86 = Release|x86
	EndGlobalSection
	GlobalSection(ProjectConfigurationPlatforms) = postSolution
		{158F34F2-6200-48B1-B603-DAA1F441DAFB}.Ad-Hoc|Any CPU.ActiveCfg = Release|Any CPU
		{158F34F2-6200-48B1-B603-DAA1F441DAFB}.Ad-Hoc|Any CPU.Build.0 = Release|Any CPU
		{158F34F2-6200-48B1-B603-DAA1F441DAFB}.Ad-Hoc|Any CPU.Deploy.0 = Release|Any CPU
		{158F34F2-6200-48B1-B603-DAA1F441DAFB}.Ad-Hoc|ARM.ActiveCfg = Release|Any CPU
		{158F34F2-6200-48B1-B603-DAA1F441DAFB}.Ad-Hoc|ARM.Build.0 = Release|Any CPU
		{158F34F2-6200-48B1-B603-DAA1F441DAFB}.Ad-Hoc|ARM.Deploy.0 = Release|Any CPU
		{158F34F2-6200-48B1-B603-DAA1F441DAFB}.Ad-Hoc|iPhone.ActiveCfg = Release|Any CPU
		{158F34F2-6200-48B1-B603-DAA1F441DAFB}.Ad-Hoc|iPhone.Build.0 = Release|Any CPU
		{158F34F2-6200-48B1-B603-DAA1F441DAFB}.Ad-Hoc|iPhone.Deploy.0 = Release|Any CPU
		{158F34F2-6200-48B1-B603-DAA1F441DAFB}.Ad-Hoc|iPhoneSimulator.ActiveCfg = Release|Any CPU
		{158F34F2-6200-48B1-B603-DAA1F441DAFB}.Ad-Hoc|iPhoneSimulator.Build.0 = Release|Any CPU
		{158F34F2-6200-48B1-B603-DAA1F441DAFB}.Ad-Hoc|iPhoneSimulator.Deploy.0 = Release|Any CPU
		{158F34F2-6200-48B1-B603-DAA1F441DAFB}.Ad-Hoc|x64.ActiveCfg = Release|Any CPU
		{158F34F2-6200-48B1-B603-DAA1F441DAFB}.Ad-Hoc|x64.Build.0 = Release|Any CPU
		{158F34F2-6200-48B1-B603-DAA1F441DAFB}.Ad-Hoc|x64.Deploy.0 = Release|Any CPU
		{158F34F2-6200-48B1-B603-DAA1F441DAFB}.Ad-Hoc|x86.ActiveCfg = Release|Any CPU
		{158F34F2-6200-48B1-B603-DAA1F441DAFB}.Ad-Hoc|x86.Build.0 = Release|Any CPU
		{158F34F2-6200-48B1-B603-DAA1F441DAFB}.Ad-Hoc|x86.Deploy.0 = Release|Any CPU
		{158F34F2-6200-48B1-B603-DAA1F441DAFB}.AppStore|Any CPU.ActiveCfg = Release|Any CPU
		{158F34F2-6200-48B1-B603-DAA1F441DAFB}.AppStore|Any CPU.Build.0 = Release|Any CPU
		{158F34F2-6200-48B1-B603-DAA1F441DAFB}.AppStore|Any CPU.Deploy.0 = Release|Any CPU
		{158F34F2-6200-48B1-B603-DAA1F441DAFB}.AppStore|ARM.ActiveCfg = Release|Any CPU
		{158F34F2-6200-48B1-B603-DAA1F441DAFB}.AppStore|ARM.Build.0 = Release|Any CPU
		{158F34F2-6200-48B1-B603-DAA1F441DAFB}.AppStore|ARM.Deploy.0 = Release|Any CPU
		{158F34F2-6200-48B1-B603-DAA1F441DAFB}.AppStore|iPhone.ActiveCfg = Release|Any CPU
		{158F34F2-6200-48B1-B603-DAA1F441DAFB}.AppStore|iPhone.Build.0 = Release|Any CPU
		{158F34F2-6200-48B1-B603-DAA1F441DAFB}.AppStore|iPhone.Deploy.0 = Release|Any CPU
		{158F34F2-6200-48B1-B603-DAA1F441DAFB}.AppStore|iPhoneSimulator.ActiveCfg = Release|Any CPU
		{158F34F2-6200-48B1-B603-DAA1F441DAFB}.AppStore|iPhoneSimulator.Build.0 = Release|Any CPU
		{158F34F2-6200-48B1-B603-DAA1F441DAFB}.AppStore|iPhoneSimulator.Deploy.0 = Release|Any CPU
		{158F34F2-6200-48B1-B603-DAA1F441DAFB}.AppStore|x64.ActiveCfg = Release|Any CPU
		{158F34F2-6200-48B1-B603-DAA1F441DAFB}.AppStore|x64.Build.0 = Release|Any CPU
		{158F34F2-6200-48B1-B603-DAA1F441DAFB}.AppStore|x64.Deploy.0 = Release|Any CPU
		{158F34F2-6200-48B1-B603-DAA1F441DAFB}.AppStore|x86.ActiveCfg = Release|Any CPU
		{158F34F2-6200-48B1-B603-DAA1F441DAFB}.AppStore|x86.Build.0 = Release|Any CPU
		{158F34F2-6200-48B1-B603-DAA1F441DAFB}.AppStore|x86.Deploy.0 = Release|Any CPU
		{158F34F2-6200-48B1-B603-DAA1F441DAFB}.Debug|Any CPU.ActiveCfg = Debug|Any CPU
		{158F34F2-6200-48B1-B603-DAA1F441DAFB}.Debug|Any CPU.Build.0 = Debug|Any CPU
		{158F34F2-6200-48B1-B603-DAA1F441DAFB}.Debug|Any CPU.Deploy.0 = Debug|Any CPU
		{158F34F2-6200-48B1-B603-DAA1F441DAFB}.Debug|ARM.ActiveCfg = Debug|Any CPU
		{158F34F2-6200-48B1-B603-DAA1F441DAFB}.Debug|ARM.Build.0 = Debug|Any CPU
		{158F34F2-6200-48B1-B603-DAA1F441DAFB}.Debug|ARM.Deploy.0 = Debug|Any CPU
		{158F34F2-6200-48B1-B603-DAA1F441DAFB}.Debug|iPhone.ActiveCfg = Debug|Any CPU
		{158F34F2-6200-48B1-B603-DAA1F441DAFB}.Debug|iPhone.Build.0 = Debug|Any CPU
		{158F34F2-6200-48B1-B603-DAA1F441DAFB}.Debug|iPhone.Deploy.0 = Debug|Any CPU
		{158F34F2-6200-48B1-B603-DAA1F441DAFB}.Debug|iPhoneSimulator.ActiveCfg = Debug|Any CPU
		{158F34F2-6200-48B1-B603-DAA1F441DAFB}.Debug|iPhoneSimulator.Build.0 = Debug|Any CPU
		{158F34F2-6200-48B1-B603-DAA1F441DAFB}.Debug|iPhoneSimulator.Deploy.0 = Debug|Any CPU
		{158F34F2-6200-48B1-B603-DAA1F441DAFB}.Debug|x64.ActiveCfg = Debug|Any CPU
		{158F34F2-6200-48B1-B603-DAA1F441DAFB}.Debug|x64.Build.0 = Debug|Any CPU
		{158F34F2-6200-48B1-B603-DAA1F441DAFB}.Debug|x64.Deploy.0 = Debug|Any CPU
		{158F34F2-6200-48B1-B603-DAA1F441DAFB}.Debug|x86.ActiveCfg = Debug|Any CPU
		{158F34F2-6200-48B1-B603-DAA1F441DAFB}.Debug|x86.Build.0 = Debug|Any CPU
		{158F34F2-6200-48B1-B603-DAA1F441DAFB}.Debug|x86.Deploy.0 = Debug|Any CPU
		{158F34F2-6200-48B1-B603-DAA1F441DAFB}.Release|Any CPU.ActiveCfg = Release|Any CPU
		{158F34F2-6200-48B1-B603-DAA1F441DAFB}.Release|Any CPU.Build.0 = Release|Any CPU
		{158F34F2-6200-48B1-B603-DAA1F441DAFB}.Release|Any CPU.Deploy.0 = Release|Any CPU
		{158F34F2-6200-48B1-B603-DAA1F441DAFB}.Release|ARM.ActiveCfg = Release|Any CPU
		{158F34F2-6200-48B1-B603-DAA1F441DAFB}.Release|ARM.Build.0 = Release|Any CPU
		{158F34F2-6200-48B1-B603-DAA1F441DAFB}.Release|ARM.Deploy.0 = Release|Any CPU
		{158F34F2-6200-48B1-B603-DAA1F441DAFB}.Release|iPhone.ActiveCfg = Release|Any CPU
		{158F34F2-6200-48B1-B603-DAA1F441DAFB}.Release|iPhone.Build.0 = Release|Any CPU
		{158F34F2-6200-48B1-B603-DAA1F441DAFB}.Release|iPhone.Deploy.0 = Release|Any CPU
		{158F34F2-6200-48B1-B603-DAA1F441DAFB}.Release|iPhoneSimulator.ActiveCfg = Release|Any CPU
		{158F34F2-6200-48B1-B603-DAA1F441DAFB}.Release|iPhoneSimulator.Build.0 = Release|Any CPU
		{158F34F2-6200-48B1-B603-DAA1F441DAFB}.Release|iPhoneSimulator.Deploy.0 = Release|Any CPU
		{158F34F2-6200-48B1-B603-DAA1F441DAFB}.Release|x64.ActiveCfg = Release|Any CPU
		{158F34F2-6200-48B1-B603-DAA1F441DAFB}.Release|x64.Build.0 = Release|Any CPU
		{158F34F2-6200-48B1-B603-DAA1F441DAFB}.Release|x64.Deploy.0 = Release|Any CPU
		{158F34F2-6200-48B1-B603-DAA1F441DAFB}.Release|x86.ActiveCfg = Release|Any CPU
		{158F34F2-6200-48B1-B603-DAA1F441DAFB}.Release|x86.Build.0 = Release|Any CPU
		{158F34F2-6200-48B1-B603-DAA1F441DAFB}.Release|x86.Deploy.0 = Release|Any CPU
		{471B966C-06C2-42A6-B695-15704841D49D}.Ad-Hoc|Any CPU.ActiveCfg = Release|Any CPU
		{471B966C-06C2-42A6-B695-15704841D49D}.Ad-Hoc|Any CPU.Build.0 = Release|Any CPU
		{471B966C-06C2-42A6-B695-15704841D49D}.Ad-Hoc|ARM.ActiveCfg = Release|Any CPU
		{471B966C-06C2-42A6-B695-15704841D49D}.Ad-Hoc|ARM.Build.0 = Release|Any CPU
		{471B966C-06C2-42A6-B695-15704841D49D}.Ad-Hoc|iPhone.ActiveCfg = Release|Any CPU
		{471B966C-06C2-42A6-B695-15704841D49D}.Ad-Hoc|iPhone.Build.0 = Release|Any CPU
		{471B966C-06C2-42A6-B695-15704841D49D}.Ad-Hoc|iPhoneSimulator.ActiveCfg = Release|Any CPU
		{471B966C-06C2-42A6-B695-15704841D49D}.Ad-Hoc|iPhoneSimulator.Build.0 = Release|Any CPU
		{471B966C-06C2-42A6-B695-15704841D49D}.Ad-Hoc|x64.ActiveCfg = Release|Any CPU
		{471B966C-06C2-42A6-B695-15704841D49D}.Ad-Hoc|x64.Build.0 = Release|Any CPU
		{471B966C-06C2-42A6-B695-15704841D49D}.Ad-Hoc|x86.ActiveCfg = Release|Any CPU
		{471B966C-06C2-42A6-B695-15704841D49D}.Ad-Hoc|x86.Build.0 = Release|Any CPU
		{471B966C-06C2-42A6-B695-15704841D49D}.AppStore|Any CPU.ActiveCfg = Release|Any CPU
		{471B966C-06C2-42A6-B695-15704841D49D}.AppStore|Any CPU.Build.0 = Release|Any CPU
		{471B966C-06C2-42A6-B695-15704841D49D}.AppStore|ARM.ActiveCfg = Release|Any CPU
		{471B966C-06C2-42A6-B695-15704841D49D}.AppStore|ARM.Build.0 = Release|Any CPU
		{471B966C-06C2-42A6-B695-15704841D49D}.AppStore|iPhone.ActiveCfg = Release|Any CPU
		{471B966C-06C2-42A6-B695-15704841D49D}.AppStore|iPhone.Build.0 = Release|Any CPU
		{471B966C-06C2-42A6-B695-15704841D49D}.AppStore|iPhoneSimulator.ActiveCfg = Release|Any CPU
		{471B966C-06C2-42A6-B695-15704841D49D}.AppStore|iPhoneSimulator.Build.0 = Release|Any CPU
		{471B966C-06C2-42A6-B695-15704841D49D}.AppStore|x64.ActiveCfg = Release|Any CPU
		{471B966C-06C2-42A6-B695-15704841D49D}.AppStore|x64.Build.0 = Release|Any CPU
		{471B966C-06C2-42A6-B695-15704841D49D}.AppStore|x86.ActiveCfg = Release|Any CPU
		{471B966C-06C2-42A6-B695-15704841D49D}.AppStore|x86.Build.0 = Release|Any CPU
		{471B966C-06C2-42A6-B695-15704841D49D}.Debug|Any CPU.ActiveCfg = Debug|Any CPU
		{471B966C-06C2-42A6-B695-15704841D49D}.Debug|Any CPU.Build.0 = Debug|Any CPU
		{471B966C-06C2-42A6-B695-15704841D49D}.Debug|ARM.ActiveCfg = Debug|Any CPU
		{471B966C-06C2-42A6-B695-15704841D49D}.Debug|ARM.Build.0 = Debug|Any CPU
		{471B966C-06C2-42A6-B695-15704841D49D}.Debug|iPhone.ActiveCfg = Debug|Any CPU
		{471B966C-06C2-42A6-B695-15704841D49D}.Debug|iPhone.Build.0 = Debug|Any CPU
		{471B966C-06C2-42A6-B695-15704841D49D}.Debug|iPhoneSimulator.ActiveCfg = Debug|Any CPU
		{471B966C-06C2-42A6-B695-15704841D49D}.Debug|iPhoneSimulator.Build.0 = Debug|Any CPU
		{471B966C-06C2-42A6-B695-15704841D49D}.Debug|x64.ActiveCfg = Debug|Any CPU
		{471B966C-06C2-42A6-B695-15704841D49D}.Debug|x64.Build.0 = Debug|Any CPU
		{471B966C-06C2-42A6-B695-15704841D49D}.Debug|x86.ActiveCfg = Debug|Any CPU
		{471B966C-06C2-42A6-B695-15704841D49D}.Debug|x86.Build.0 = Debug|Any CPU
		{471B966C-06C2-42A6-B695-15704841D49D}.Release|Any CPU.ActiveCfg = Release|Any CPU
		{471B966C-06C2-42A6-B695-15704841D49D}.Release|Any CPU.Build.0 = Release|Any CPU
		{471B966C-06C2-42A6-B695-15704841D49D}.Release|ARM.ActiveCfg = Release|Any CPU
		{471B966C-06C2-42A6-B695-15704841D49D}.Release|ARM.Build.0 = Release|Any CPU
		{471B966C-06C2-42A6-B695-15704841D49D}.Release|iPhone.ActiveCfg = Release|Any CPU
		{471B966C-06C2-42A6-B695-15704841D49D}.Release|iPhone.Build.0 = Release|Any CPU
		{471B966C-06C2-42A6-B695-15704841D49D}.Release|iPhoneSimulator.ActiveCfg = Release|Any CPU
		{471B966C-06C2-42A6-B695-15704841D49D}.Release|iPhoneSimulator.Build.0 = Release|Any CPU
		{471B966C-06C2-42A6-B695-15704841D49D}.Release|x64.ActiveCfg = Release|Any CPU
		{471B966C-06C2-42A6-B695-15704841D49D}.Release|x64.Build.0 = Release|Any CPU
		{471B966C-06C2-42A6-B695-15704841D49D}.Release|x86.ActiveCfg = Release|Any CPU
		{471B966C-06C2-42A6-B695-15704841D49D}.Release|x86.Build.0 = Release|Any CPU
		{209B2C5F-620A-449A-912D-B970443204C8}.Ad-Hoc|Any CPU.ActiveCfg = Release|x86
		{209B2C5F-620A-449A-912D-B970443204C8}.Ad-Hoc|Any CPU.Build.0 = Release|x86
		{209B2C5F-620A-449A-912D-B970443204C8}.Ad-Hoc|Any CPU.Deploy.0 = Release|x86
		{209B2C5F-620A-449A-912D-B970443204C8}.Ad-Hoc|ARM.ActiveCfg = Release|ARM
		{209B2C5F-620A-449A-912D-B970443204C8}.Ad-Hoc|ARM.Build.0 = Release|ARM
		{209B2C5F-620A-449A-912D-B970443204C8}.Ad-Hoc|ARM.Deploy.0 = Release|ARM
		{209B2C5F-620A-449A-912D-B970443204C8}.Ad-Hoc|iPhone.ActiveCfg = Release|x86
		{209B2C5F-620A-449A-912D-B970443204C8}.Ad-Hoc|iPhone.Build.0 = Release|x86
		{209B2C5F-620A-449A-912D-B970443204C8}.Ad-Hoc|iPhone.Deploy.0 = Release|x86
		{209B2C5F-620A-449A-912D-B970443204C8}.Ad-Hoc|iPhoneSimulator.ActiveCfg = Release|x86
		{209B2C5F-620A-449A-912D-B970443204C8}.Ad-Hoc|iPhoneSimulator.Build.0 = Release|x86
		{209B2C5F-620A-449A-912D-B970443204C8}.Ad-Hoc|iPhoneSimulator.Deploy.0 = Release|x86
		{209B2C5F-620A-449A-912D-B970443204C8}.Ad-Hoc|x64.ActiveCfg = Release|x64
		{209B2C5F-620A-449A-912D-B970443204C8}.Ad-Hoc|x64.Build.0 = Release|x64
		{209B2C5F-620A-449A-912D-B970443204C8}.Ad-Hoc|x64.Deploy.0 = Release|x64
		{209B2C5F-620A-449A-912D-B970443204C8}.Ad-Hoc|x86.ActiveCfg = Release|x86
		{209B2C5F-620A-449A-912D-B970443204C8}.Ad-Hoc|x86.Build.0 = Release|x86
		{209B2C5F-620A-449A-912D-B970443204C8}.Ad-Hoc|x86.Deploy.0 = Release|x86
		{209B2C5F-620A-449A-912D-B970443204C8}.AppStore|Any CPU.ActiveCfg = Release|x86
		{209B2C5F-620A-449A-912D-B970443204C8}.AppStore|Any CPU.Build.0 = Release|x86
		{209B2C5F-620A-449A-912D-B970443204C8}.AppStore|Any CPU.Deploy.0 = Release|x86
		{209B2C5F-620A-449A-912D-B970443204C8}.AppStore|ARM.ActiveCfg = Release|ARM
		{209B2C5F-620A-449A-912D-B970443204C8}.AppStore|ARM.Build.0 = Release|ARM
		{209B2C5F-620A-449A-912D-B970443204C8}.AppStore|ARM.Deploy.0 = Release|ARM
		{209B2C5F-620A-449A-912D-B970443204C8}.AppStore|iPhone.ActiveCfg = Release|x86
		{209B2C5F-620A-449A-912D-B970443204C8}.AppStore|iPhone.Build.0 = Release|x86
		{209B2C5F-620A-449A-912D-B970443204C8}.AppStore|iPhone.Deploy.0 = Release|x86
		{209B2C5F-620A-449A-912D-B970443204C8}.AppStore|iPhoneSimulator.ActiveCfg = Release|x86
		{209B2C5F-620A-449A-912D-B970443204C8}.AppStore|iPhoneSimulator.Build.0 = Release|x86
		{209B2C5F-620A-449A-912D-B970443204C8}.AppStore|iPhoneSimulator.Deploy.0 = Release|x86
		{209B2C5F-620A-449A-912D-B970443204C8}.AppStore|x64.ActiveCfg = Release|x64
		{209B2C5F-620A-449A-912D-B970443204C8}.AppStore|x64.Build.0 = Release|x64
		{209B2C5F-620A-449A-912D-B970443204C8}.AppStore|x64.Deploy.0 = Release|x64
		{209B2C5F-620A-449A-912D-B970443204C8}.AppStore|x86.ActiveCfg = Release|x86
		{209B2C5F-620A-449A-912D-B970443204C8}.AppStore|x86.Build.0 = Release|x86
		{209B2C5F-620A-449A-912D-B970443204C8}.AppStore|x86.Deploy.0 = Release|x86
		{209B2C5F-620A-449A-912D-B970443204C8}.Debug|Any CPU.ActiveCfg = Debug|x86
		{209B2C5F-620A-449A-912D-B970443204C8}.Debug|ARM.ActiveCfg = Debug|ARM
		{209B2C5F-620A-449A-912D-B970443204C8}.Debug|ARM.Build.0 = Debug|ARM
		{209B2C5F-620A-449A-912D-B970443204C8}.Debug|ARM.Deploy.0 = Debug|ARM
		{209B2C5F-620A-449A-912D-B970443204C8}.Debug|iPhone.ActiveCfg = Debug|x86
		{209B2C5F-620A-449A-912D-B970443204C8}.Debug|iPhoneSimulator.ActiveCfg = Debug|x86
		{209B2C5F-620A-449A-912D-B970443204C8}.Debug|x64.ActiveCfg = Debug|x64
		{209B2C5F-620A-449A-912D-B970443204C8}.Debug|x64.Build.0 = Debug|x64
		{209B2C5F-620A-449A-912D-B970443204C8}.Debug|x64.Deploy.0 = Debug|x64
		{209B2C5F-620A-449A-912D-B970443204C8}.Debug|x86.ActiveCfg = Debug|x86
		{209B2C5F-620A-449A-912D-B970443204C8}.Debug|x86.Build.0 = Debug|x86
		{209B2C5F-620A-449A-912D-B970443204C8}.Debug|x86.Deploy.0 = Debug|x86
		{209B2C5F-620A-449A-912D-B970443204C8}.Release|Any CPU.ActiveCfg = Release|x86
		{209B2C5F-620A-449A-912D-B970443204C8}.Release|ARM.ActiveCfg = Release|ARM
		{209B2C5F-620A-449A-912D-B970443204C8}.Release|ARM.Build.0 = Release|ARM
		{209B2C5F-620A-449A-912D-B970443204C8}.Release|ARM.Deploy.0 = Release|ARM
		{209B2C5F-620A-449A-912D-B970443204C8}.Release|iPhone.ActiveCfg = Release|x86
		{209B2C5F-620A-449A-912D-B970443204C8}.Release|iPhoneSimulator.ActiveCfg = Release|x86
		{209B2C5F-620A-449A-912D-B970443204C8}.Release|x64.ActiveCfg = Release|x64
		{209B2C5F-620A-449A-912D-B970443204C8}.Release|x64.Build.0 = Release|x64
		{209B2C5F-620A-449A-912D-B970443204C8}.Release|x64.Deploy.0 = Release|x64
		{209B2C5F-620A-449A-912D-B970443204C8}.Release|x86.ActiveCfg = Release|x86
		{209B2C5F-620A-449A-912D-B970443204C8}.Release|x86.Build.0 = Release|x86
		{209B2C5F-620A-449A-912D-B970443204C8}.Release|x86.Deploy.0 = Release|x86
		{BB508C2D-395B-47E1-B8E1-E4E6A00E2533}.Ad-Hoc|Any CPU.ActiveCfg = Ad-Hoc|iPhoneSimulator
		{BB508C2D-395B-47E1-B8E1-E4E6A00E2533}.Ad-Hoc|ARM.ActiveCfg = Ad-Hoc|iPhone
		{BB508C2D-395B-47E1-B8E1-E4E6A00E2533}.Ad-Hoc|iPhone.ActiveCfg = Ad-Hoc|iPhone
		{BB508C2D-395B-47E1-B8E1-E4E6A00E2533}.Ad-Hoc|iPhone.Build.0 = Ad-Hoc|iPhone
		{BB508C2D-395B-47E1-B8E1-E4E6A00E2533}.Ad-Hoc|iPhoneSimulator.ActiveCfg = Ad-Hoc|iPhoneSimulator
		{BB508C2D-395B-47E1-B8E1-E4E6A00E2533}.Ad-Hoc|iPhoneSimulator.Build.0 = Ad-Hoc|iPhoneSimulator
		{BB508C2D-395B-47E1-B8E1-E4E6A00E2533}.Ad-Hoc|x64.ActiveCfg = Ad-Hoc|iPhone
		{BB508C2D-395B-47E1-B8E1-E4E6A00E2533}.Ad-Hoc|x86.ActiveCfg = Ad-Hoc|iPhone
		{BB508C2D-395B-47E1-B8E1-E4E6A00E2533}.AppStore|Any CPU.ActiveCfg = AppStore|iPhoneSimulator
		{BB508C2D-395B-47E1-B8E1-E4E6A00E2533}.AppStore|ARM.ActiveCfg = AppStore|iPhone
		{BB508C2D-395B-47E1-B8E1-E4E6A00E2533}.AppStore|iPhone.ActiveCfg = AppStore|iPhone
		{BB508C2D-395B-47E1-B8E1-E4E6A00E2533}.AppStore|iPhone.Build.0 = AppStore|iPhone
		{BB508C2D-395B-47E1-B8E1-E4E6A00E2533}.AppStore|iPhoneSimulator.ActiveCfg = AppStore|iPhoneSimulator
		{BB508C2D-395B-47E1-B8E1-E4E6A00E2533}.AppStore|iPhoneSimulator.Build.0 = AppStore|iPhoneSimulator
		{BB508C2D-395B-47E1-B8E1-E4E6A00E2533}.AppStore|x64.ActiveCfg = AppStore|iPhone
		{BB508C2D-395B-47E1-B8E1-E4E6A00E2533}.AppStore|x86.ActiveCfg = AppStore|iPhone
		{BB508C2D-395B-47E1-B8E1-E4E6A00E2533}.Debug|Any CPU.ActiveCfg = Debug|iPhoneSimulator
		{BB508C2D-395B-47E1-B8E1-E4E6A00E2533}.Debug|ARM.ActiveCfg = Debug|iPhone
		{BB508C2D-395B-47E1-B8E1-E4E6A00E2533}.Debug|iPhone.ActiveCfg = Debug|iPhone
		{BB508C2D-395B-47E1-B8E1-E4E6A00E2533}.Debug|iPhone.Build.0 = Debug|iPhone
		{BB508C2D-395B-47E1-B8E1-E4E6A00E2533}.Debug|iPhoneSimulator.ActiveCfg = Debug|iPhoneSimulator
		{BB508C2D-395B-47E1-B8E1-E4E6A00E2533}.Debug|iPhoneSimulator.Build.0 = Debug|iPhoneSimulator
		{BB508C2D-395B-47E1-B8E1-E4E6A00E2533}.Debug|x64.ActiveCfg = Debug|iPhone
		{BB508C2D-395B-47E1-B8E1-E4E6A00E2533}.Debug|x86.ActiveCfg = Debug|iPhone
		{BB508C2D-395B-47E1-B8E1-E4E6A00E2533}.Release|Any CPU.ActiveCfg = Release|iPhoneSimulator
		{BB508C2D-395B-47E1-B8E1-E4E6A00E2533}.Release|ARM.ActiveCfg = Release|iPhone
		{BB508C2D-395B-47E1-B8E1-E4E6A00E2533}.Release|iPhone.ActiveCfg = Release|iPhone
		{BB508C2D-395B-47E1-B8E1-E4E6A00E2533}.Release|iPhone.Build.0 = Release|iPhone
		{BB508C2D-395B-47E1-B8E1-E4E6A00E2533}.Release|iPhoneSimulator.ActiveCfg = Release|iPhoneSimulator
		{BB508C2D-395B-47E1-B8E1-E4E6A00E2533}.Release|iPhoneSimulator.Build.0 = Release|iPhoneSimulator
		{BB508C2D-395B-47E1-B8E1-E4E6A00E2533}.Release|x64.ActiveCfg = Release|iPhone
		{BB508C2D-395B-47E1-B8E1-E4E6A00E2533}.Release|x86.ActiveCfg = Release|iPhone
	EndGlobalSection
	GlobalSection(SolutionProperties) = preSolution
		HideSolutionNode = FALSE
	EndGlobalSection
	GlobalSection(ExtensibilityGlobals) = postSolution
		SolutionGuid = {B780A405-3AB2-4FCE-9FD8-EECE267BF280}
	EndGlobalSection
EndGlobal
